
Microsoft Visual Studio Solution File, Format Version 12.00
# Visual Studio 2013
VisualStudioVersion = 12.0.30501.0
MinimumVisualStudioVersion = 10.0.40219.1
Project("{2150E333-8FDC-42A3-9474-1A3956D46DE8}") = "KiwiTaxAndIncome", "KiwiTaxAndIncome", "{6BAA1662-F331-4FEA-B0D2-DFA88649BD89}"
EndProject
Project("{D954291E-2A0B-460D-934E-DC6B0785DB48}") = "KiwiTaxAndIncom.Shared", "KiwiTaxAndIncom\KiwiTaxAndIncom.Shared\KiwiTaxAndIncom.Shared.shproj", "{E0957E8F-8EE8-4F88-B13E-A4B5B973CA1B}"
EndProject
Project("{FAE04EC0-301F-11D3-BF4B-00C04F79EFBC}") = "KiwiTaxAndIncome.Windows", "KiwiTaxAndIncom\KiwiTaxAndIncom.Windows\KiwiTaxAndIncome.Windows.csproj", "{29A54CC2-7FDB-449A-859B-17DC9D2F3B65}"
EndProject
Project("{FAE04EC0-301F-11D3-BF4B-00C04F79EFBC}") = "KiwiTaxAndIncome.WindowsPhone", "KiwiTaxAndIncom\KiwiTaxAndIncom.WindowsPhone\KiwiTaxAndIncome.WindowsPhone.csproj", "{BCE1F0E1-4F94-46A6-BA86-23A0BD2C3A94}"
EndProject
Global
	GlobalSection(SharedMSBuildProjectFiles) = preSolution
		KiwiTaxAndIncom\KiwiTaxAndIncom.Shared\KiwiTaxAndIncom.Shared.projitems*{e0957e8f-8ee8-4f88-b13e-a4b5b973ca1b}*SharedItemsImports = 13
		KiwiTaxAndIncom\KiwiTaxAndIncom.Shared\KiwiTaxAndIncom.Shared.projitems*{bce1f0e1-4f94-46a6-ba86-23a0bd2c3a94}*SharedItemsImports = 4
		KiwiTaxAndIncom\KiwiTaxAndIncom.Shared\KiwiTaxAndIncom.Shared.projitems*{29a54cc2-7fdb-449a-859b-17dc9d2f3b65}*SharedItemsImports = 4
	EndGlobalSection
	GlobalSection(SolutionConfigurationPlatforms) = preSolution
		Debug|Any CPU = Debug|Any CPU
		Debug|ARM = Debug|ARM
		Debug|x64 = Debug|x64
		Debug|x86 = Debug|x86
		Release|Any CPU = Release|Any CPU
		Release|ARM = Release|ARM
		Release|x64 = Release|x64
		Release|x86 = Release|x86
	EndGlobalSection
	GlobalSection(ProjectConfigurationPlatforms) = postSolution
		{29A54CC2-7FDB-449A-859B-17DC9D2F3B65}.Debug|Any CPU.ActiveCfg = Debug|Any CPU
		{29A54CC2-7FDB-449A-859B-17DC9D2F3B65}.Debug|Any CPU.Build.0 = Debug|Any CPU
		{29A54CC2-7FDB-449A-859B-17DC9D2F3B65}.Debug|Any CPU.Deploy.0 = Debug|Any CPU
		{29A54CC2-7FDB-449A-859B-17DC9D2F3B65}.Debug|ARM.ActiveCfg = Debug|ARM
		{29A54CC2-7FDB-449A-859B-17DC9D2F3B65}.Debug|ARM.Build.0 = Debug|ARM
		{29A54CC2-7FDB-449A-859B-17DC9D2F3B65}.Debug|ARM.Deploy.0 = Debug|ARM
		{29A54CC2-7FDB-449A-859B-17DC9D2F3B65}.Debug|x64.ActiveCfg = Debug|x64
		{29A54CC2-7FDB-449A-859B-17DC9D2F3B65}.Debug|x64.Build.0 = Debug|x64
		{29A54CC2-7FDB-449A-859B-17DC9D2F3B65}.Debug|x64.Deploy.0 = Debug|x64
		{29A54CC2-7FDB-449A-859B-17DC9D2F3B65}.Debug|x86.ActiveCfg = Debug|x86
		{29A54CC2-7FDB-449A-859B-17DC9D2F3B65}.Debug|x86.Build.0 = Debug|x86
		{29A54CC2-7FDB-449A-859B-17DC9D2F3B65}.Debug|x86.Deploy.0 = Debug|x86
		{29A54CC2-7FDB-449A-859B-17DC9D2F3B65}.Release|Any CPU.ActiveCfg = Release|Any CPU
		{29A54CC2-7FDB-449A-859B-17DC9D2F3B65}.Release|Any CPU.Build.0 = Release|Any CPU
		{29A54CC2-7FDB-449A-859B-17DC9D2F3B65}.Release|Any CPU.Deploy.0 = Release|Any CPU
		{29A54CC2-7FDB-449A-859B-17DC9D2F3B65}.Release|ARM.ActiveCfg = Release|ARM
		{29A54CC2-7FDB-449A-859B-17DC9D2F3B65}.Release|ARM.Build.0 = Release|ARM
		{29A54CC2-7FDB-449A-859B-17DC9D2F3B65}.Release|ARM.Deploy.0 = Release|ARM
		{29A54CC2-7FDB-449A-859B-17DC9D2F3B65}.Release|x64.ActiveCfg = Release|x64
		{29A54CC2-7FDB-449A-859B-17DC9D2F3B65}.Release|x64.Build.0 = Release|x64
		{29A54CC2-7FDB-449A-859B-17DC9D2F3B65}.Release|x64.Deploy.0 = Release|x64
		{29A54CC2-7FDB-449A-859B-17DC9D2F3B65}.Release|x86.ActiveCfg = Release|x86
		{29A54CC2-7FDB-449A-859B-17DC9D2F3B65}.Release|x86.Build.0 = Release|x86
		{29A54CC2-7FDB-449A-859B-17DC9D2F3B65}.Release|x86.Deploy.0 = Release|x86
		{BCE1F0E1-4F94-46A6-BA86-23A0BD2C3A94}.Debug|Any CPU.ActiveCfg = Debug|Any CPU
		{BCE1F0E1-4F94-46A6-BA86-23A0BD2C3A94}.Debug|Any CPU.Build.0 = Debug|Any CPU
		{BCE1F0E1-4F94-46A6-BA86-23A0BD2C3A94}.Debug|Any CPU.Deploy.0 = Debug|Any CPU
		{BCE1F0E1-4F94-46A6-BA86-23A0BD2C3A94}.Debug|ARM.ActiveCfg = Debug|ARM
		{BCE1F0E1-4F94-46A6-BA86-23A0BD2C3A94}.Debug|ARM.Build.0 = Debug|ARM
		{BCE1F0E1-4F94-46A6-BA86-23A0BD2C3A94}.Debug|ARM.Deploy.0 = Debug|ARM
		{BCE1F0E1-4F94-46A6-BA86-23A0BD2C3A94}.Debug|x64.ActiveCfg = Debug|Any CPU
		{BCE1F0E1-4F94-46A6-BA86-23A0BD2C3A94}.Debug|x86.ActiveCfg = Debug|x86
		{BCE1F0E1-4F94-46A6-BA86-23A0BD2C3A94}.Debug|x86.Build.0 = Debug|x86
		{BCE1F0E1-4F94-46A6-BA86-23A0BD2C3A94}.Debug|x86.Deploy.0 = Debug|x86
		{BCE1F0E1-4F94-46A6-BA86-23A0BD2C3A94}.Release|Any CPU.ActiveCfg = Release|Any CPU
		{BCE1F0E1-4F94-46A6-BA86-23A0BD2C3A94}.Release|Any CPU.Build.0 = Release|Any CPU
		{BCE1F0E1-4F94-46A6-BA86-23A0BD2C3A94}.Release|Any CPU.Deploy.0 = Release|Any CPU
		{BCE1F0E1-4F94-46A6-BA86-23A0BD2C3A94}.Release|ARM.ActiveCfg = Release|ARM
		{BCE1F0E1-4F94-46A6-BA86-23A0BD2C3A94}.Release|ARM.Build.0 = Release|ARM
		{BCE1F0E1-4F94-46A6-BA86-23A0BD2C3A94}.Release|ARM.Deploy.0 = Release|ARM
		{BCE1F0E1-4F94-46A6-BA86-23A0BD2C3A94}.Release|x64.ActiveCfg = Release|Any CPU
		{BCE1F0E1-4F94-46A6-BA86-23A0BD2C3A94}.Release|x86.ActiveCfg = Release|x86
		{BCE1F0E1-4F94-46A6-BA86-23A0BD2C3A94}.Release|x86.Build.0 = Release|x86
		{BCE1F0E1-4F94-46A6-BA86-23A0BD2C3A94}.Release|x86.Deploy.0 = Release|x86
	EndGlobalSection
	GlobalSection(SolutionProperties) = preSolution
		HideSolutionNode = FALSE
	EndGlobalSection
	GlobalSection(NestedProjects) = preSolution
		{E0957E8F-8EE8-4F88-B13E-A4B5B973CA1B} = {6BAA1662-F331-4FEA-B0D2-DFA88649BD89}
		{29A54CC2-7FDB-449A-859B-17DC9D2F3B65} = {6BAA1662-F331-4FEA-B0D2-DFA88649BD89}
		{BCE1F0E1-4F94-46A6-BA86-23A0BD2C3A94} = {6BAA1662-F331-4FEA-B0D2-DFA88649BD89}
	EndGlobalSection
EndGlobal
